
Microsoft Visual Studio Solution File, Format Version 12.00
# Visual Studio Version 17
VisualStudioVersion = 17.11.35327.3
MinimumVisualStudioVersion = 10.0.40219.1
Project("{FAE04EC0-301F-11D3-BF4B-00C04F79EFBC}") = "FirstMyProject", "FirstMyProject\FirstMyProject.csproj", "{FD206E59-E375-4438-94F3-ECCB8EEF2996}"
EndProject
Global
	GlobalSection(SolutionConfigurationPlatforms) = preSolution
		Debug|Any CPU = Debug|Any CPU
		Release|Any CPU = Release|Any CPU
	EndGlobalSection
	GlobalSection(ProjectConfigurationPlatforms) = postSolution
		{FD206E59-E375-4438-94F3-ECCB8EEF2996}.Debug|Any CPU.ActiveCfg = Debug|Any CPU
		{FD206E59-E375-4438-94F3-ECCB8EEF2996}.Debug|Any CPU.Build.0 = Debug|Any CPU
		{FD206E59-E375-4438-94F3-ECCB8EEF2996}.Release|Any CPU.ActiveCfg = Release|Any CPU
		{FD206E59-E375-4438-94F3-ECCB8EEF2996}.Release|Any CPU.Build.0 = Release|Any CPU
	EndGlobalSection
	GlobalSection(SolutionProperties) = preSolution
		HideSolutionNode = FALSE
	EndGlobalSection
	GlobalSection(ExtensibilityGlobals) = postSolution
		SolutionGuid = {0E4E2FB1-A0E8-44FF-B4A4-08B4CEAF3F57}
	EndGlobalSection
EndGlobal
